
Microsoft Visual Studio Solution File, Format Version 12.00
# Visual Studio Version 17
VisualStudioVersion = 17.9.34728.123
MinimumVisualStudioVersion = 10.0.40219.1
Project("{2150E333-8FDC-42A3-9474-1A3956D46DE8}") = "Plugins", "Plugins", "{9ED6EB73-B505-45CF-A059-C6C67C5CF08D}"
EndProject
Project("{2150E333-8FDC-42A3-9474-1A3956D46DE8}") = "Common", "Common", "{203FFC69-EDE5-467E-9953-E10984D5BA12}"
EndProject
Project("{2150E333-8FDC-42A3-9474-1A3956D46DE8}") = "AimAssist", "AimAssist", "{1A537514-6D88-444F-88E3-ED44BB9C2F08}"
EndProject
Project("{9A19103F-16F7-4668-BE54-9A1E7A4F7556}") = "AimAssist", "src\AimAssist\AimAssist.csproj", "{98483209-14FB-4154-91D7-63F45C126879}"
EndProject
Project("{9A19103F-16F7-4668-BE54-9A1E7A4F7556}") = "AimAssist.Core", "src\AimAssist.Core\AimAssist.Core.csproj", "{9E0D482B-B5A5-4EA9-9BE1-EB61C0851FA2}"
EndProject
Project("{9A19103F-16F7-4668-BE54-9A1E7A4F7556}") = "AimAssist.Plugins", "src\AimAssist.Plugins\AimAssist.Plugins.csproj", "{D349CE83-7D3E-42A2-94CC-0837D079B4E0}"
EndProject
Project("{9A19103F-16F7-4668-BE54-9A1E7A4F7556}") = "AimAssist.Unit", "src\AimAssist.Unit\AimAssist.Unit.csproj", "{9E299440-3207-434B-9C7E-AA075E60CDC3}"
EndProject
Project("{9A19103F-16F7-4668-BE54-9A1E7A4F7556}") = "Common", "src\Common\Common.csproj", "{2D726994-D9CD-4379-97A3-43F93C6F393D}"
EndProject
Project("{9A19103F-16F7-4668-BE54-9A1E7A4F7556}") = "Common.UI", "src\Common.UI\Common.UI.csproj", "{0052406E-71B2-4126-ABAC-2A131C5A74CC}"
EndProject
Project("{9A19103F-16F7-4668-BE54-9A1E7A4F7556}") = "Common.UI.Editor", "src\Common.UI.Editor\Common.UI.Editor.csproj", "{ECA735D1-39D3-4038-A211-9AE5038BBE1C}"
EndProject
Project("{9A19103F-16F7-4668-BE54-9A1E7A4F7556}") = "ClipboardAnalyzer", "src\Plugins\ClipboardAnalyzer\ClipboardAnalyzer.csproj", "{33241E75-1B5B-4CC6-BF00-555696BB5D55}"
EndProject
Global
	GlobalSection(SolutionConfigurationPlatforms) = preSolution
		Debug|Any CPU = Debug|Any CPU
		Release|Any CPU = Release|Any CPU
	EndGlobalSection
	GlobalSection(ProjectConfigurationPlatforms) = postSolution
		{98483209-14FB-4154-91D7-63F45C126879}.Debug|Any CPU.ActiveCfg = Debug|Any CPU
		{98483209-14FB-4154-91D7-63F45C126879}.Debug|Any CPU.Build.0 = Debug|Any CPU
		{98483209-14FB-4154-91D7-63F45C126879}.Release|Any CPU.ActiveCfg = Release|Any CPU
		{98483209-14FB-4154-91D7-63F45C126879}.Release|Any CPU.Build.0 = Release|Any CPU
		{9E0D482B-B5A5-4EA9-9BE1-EB61C0851FA2}.Debug|Any CPU.ActiveCfg = Debug|Any CPU
		{9E0D482B-B5A5-4EA9-9BE1-EB61C0851FA2}.Debug|Any CPU.Build.0 = Debug|Any CPU
		{9E0D482B-B5A5-4EA9-9BE1-EB61C0851FA2}.Release|Any CPU.ActiveCfg = Release|Any CPU
		{9E0D482B-B5A5-4EA9-9BE1-EB61C0851FA2}.Release|Any CPU.Build.0 = Release|Any CPU
		{D349CE83-7D3E-42A2-94CC-0837D079B4E0}.Debug|Any CPU.ActiveCfg = Debug|Any CPU
		{D349CE83-7D3E-42A2-94CC-0837D079B4E0}.Debug|Any CPU.Build.0 = Debug|Any CPU
		{D349CE83-7D3E-42A2-94CC-0837D079B4E0}.Release|Any CPU.ActiveCfg = Release|Any CPU
		{D349CE83-7D3E-42A2-94CC-0837D079B4E0}.Release|Any CPU.Build.0 = Release|Any CPU
		{9E299440-3207-434B-9C7E-AA075E60CDC3}.Debug|Any CPU.ActiveCfg = Debug|Any CPU
		{9E299440-3207-434B-9C7E-AA075E60CDC3}.Debug|Any CPU.Build.0 = Debug|Any CPU
		{9E299440-3207-434B-9C7E-AA075E60CDC3}.Release|Any CPU.ActiveCfg = Release|Any CPU
		{9E299440-3207-434B-9C7E-AA075E60CDC3}.Release|Any CPU.Build.0 = Release|Any CPU
		{2D726994-D9CD-4379-97A3-43F93C6F393D}.Debug|Any CPU.ActiveCfg = Debug|Any CPU
		{2D726994-D9CD-4379-97A3-43F93C6F393D}.Debug|Any CPU.Build.0 = Debug|Any CPU
		{2D726994-D9CD-4379-97A3-43F93C6F393D}.Release|Any CPU.ActiveCfg = Release|Any CPU
		{2D726994-D9CD-4379-97A3-43F93C6F393D}.Release|Any CPU.Build.0 = Release|Any CPU
		{0052406E-71B2-4126-ABAC-2A131C5A74CC}.Debug|Any CPU.ActiveCfg = Debug|Any CPU
		{0052406E-71B2-4126-ABAC-2A131C5A74CC}.Debug|Any CPU.Build.0 = Debug|Any CPU
		{0052406E-71B2-4126-ABAC-2A131C5A74CC}.Release|Any CPU.ActiveCfg = Release|Any CPU
		{0052406E-71B2-4126-ABAC-2A131C5A74CC}.Release|Any CPU.Build.0 = Release|Any CPU
		{ECA735D1-39D3-4038-A211-9AE5038BBE1C}.Debug|Any CPU.ActiveCfg = Debug|Any CPU
		{ECA735D1-39D3-4038-A211-9AE5038BBE1C}.Debug|Any CPU.Build.0 = Debug|Any CPU
		{ECA735D1-39D3-4038-A211-9AE5038BBE1C}.Release|Any CPU.ActiveCfg = Release|Any CPU
		{ECA735D1-39D3-4038-A211-9AE5038BBE1C}.Release|Any CPU.Build.0 = Release|Any CPU
		{33241E75-1B5B-4CC6-BF00-555696BB5D55}.Debug|Any CPU.ActiveCfg = Debug|Any CPU
		{33241E75-1B5B-4CC6-BF00-555696BB5D55}.Debug|Any CPU.Build.0 = Debug|Any CPU
		{33241E75-1B5B-4CC6-BF00-555696BB5D55}.Release|Any CPU.ActiveCfg = Release|Any CPU
		{33241E75-1B5B-4CC6-BF00-555696BB5D55}.Release|Any CPU.Build.0 = Release|Any CPU
	EndGlobalSection
	GlobalSection(SolutionProperties) = preSolution
		HideSolutionNode = FALSE
	EndGlobalSection
	GlobalSection(NestedProjects) = preSolution
		{98483209-14FB-4154-91D7-63F45C126879} = {1A537514-6D88-444F-88E3-ED44BB9C2F08}
		{9E0D482B-B5A5-4EA9-9BE1-EB61C0851FA2} = {1A537514-6D88-444F-88E3-ED44BB9C2F08}
		{D349CE83-7D3E-42A2-94CC-0837D079B4E0} = {1A537514-6D88-444F-88E3-ED44BB9C2F08}
		{9E299440-3207-434B-9C7E-AA075E60CDC3} = {1A537514-6D88-444F-88E3-ED44BB9C2F08}
		{2D726994-D9CD-4379-97A3-43F93C6F393D} = {203FFC69-EDE5-467E-9953-E10984D5BA12}
		{0052406E-71B2-4126-ABAC-2A131C5A74CC} = {203FFC69-EDE5-467E-9953-E10984D5BA12}
		{ECA735D1-39D3-4038-A211-9AE5038BBE1C} = {203FFC69-EDE5-467E-9953-E10984D5BA12}
		{33241E75-1B5B-4CC6-BF00-555696BB5D55} = {9ED6EB73-B505-45CF-A059-C6C67C5CF08D}
	EndGlobalSection
	GlobalSection(ExtensibilityGlobals) = postSolution
		SolutionGuid = {90FDF691-BAB3-4955-9A7C-4C323F4344C3}
	EndGlobalSection
EndGlobal
