
Microsoft Visual Studio Solution File, Format Version 12.00
# Visual Studio Version 17
VisualStudioVersion = 17.9.34728.123
MinimumVisualStudioVersion = 10.0.40219.1
Project("{2150E333-8FDC-42A3-9474-1A3956D46DE8}") = "Common", "Common", "{203FFC69-EDE5-467E-9953-E10984D5BA12}"
EndProject
Project("{2150E333-8FDC-42A3-9474-1A3956D46DE8}") = "AimAssist", "AimAssist", "{1A537514-6D88-444F-88E3-ED44BB9C2F08}"
EndProject
Project("{2150E333-8FDC-42A3-9474-1A3956D46DE8}") = "ソリューション項目", "ソリューション項目", "{25E748D5-25B7-45CB-B5D2-B503DC8AA2A6}"
	ProjectSection(SolutionItems) = preProject
		README.md = README.md
		TODO.md = TODO.md
	EndProjectSection
EndProject
Project("{2150E333-8FDC-42A3-9474-1A3956D46DE8}") = "Services", "Services", "{221617A1-1EB5-418A-BBFF-2996028A9A75}"
EndProject
Project("{9A19103F-16F7-4668-BE54-9A1E7A4F7556}") = "AimAssist", "src\AimAssist\AimAssist\AimAssist.csproj", "{F2341A0C-56E9-441B-80E3-2FC766325ED9}"
EndProject
Project("{9A19103F-16F7-4668-BE54-9A1E7A4F7556}") = "AimAssist.Core", "src\AimAssist\AimAssist.Core\AimAssist.Core.csproj", "{72999ADB-77A0-4CBE-B223-25C066948533}"
EndProject
Project("{9A19103F-16F7-4668-BE54-9A1E7A4F7556}") = "AimAssist.Plugins", "src\AimAssist\AimAssist.Plugins\AimAssist.Plugins.csproj", "{B35E7B0B-2EA5-4D9D-9A54-91F1FA67A15A}"
EndProject
Project("{9A19103F-16F7-4668-BE54-9A1E7A4F7556}") = "AimAssist.Units", "src\AimAssist\AimAssist.Unit\AimAssist.Units.csproj", "{BFCC248C-9604-4E55-B412-F75C6ABE6702}"
EndProject
Project("{9A19103F-16F7-4668-BE54-9A1E7A4F7556}") = "Common", "src\Common\Common\Common.csproj", "{D9364F93-CCE8-4E96-B32F-10F5FCF75595}"
EndProject
Project("{9A19103F-16F7-4668-BE54-9A1E7A4F7556}") = "Common.UI", "src\Common\Common.UI\Common.UI.csproj", "{2B6FF31B-A822-4A16-B0C6-4D0A1D828E64}"
EndProject
Project("{9A19103F-16F7-4668-BE54-9A1E7A4F7556}") = "Common.UI.Editor", "src\Common\Common.UI.Editor\Common.UI.Editor.csproj", "{11304C46-953D-46D3-94AF-54E73A17B43B}"
EndProject
Project("{9A19103F-16F7-4668-BE54-9A1E7A4F7556}") = "ClipboardAnalyzer", "src\Services\ClipboardAnalyzer\ClipboardAnalyzer.csproj", "{68119049-CE39-4BE7-9E77-C0D961A47D67}"
EndProject
Project("{9A19103F-16F7-4668-BE54-9A1E7A4F7556}") = "AimAssist.Services", "src\AimAssist\AimAssist.Services\AimAssist.Services.csproj", "{404BF4F6-D57C-417B-8FEF-2E36344AD6CD}"
EndProject
Global
	GlobalSection(SolutionConfigurationPlatforms) = preSolution
		Debug|Any CPU = Debug|Any CPU
		Release|Any CPU = Release|Any CPU
	EndGlobalSection
	GlobalSection(ProjectConfigurationPlatforms) = postSolution
		{F2341A0C-56E9-441B-80E3-2FC766325ED9}.Debug|Any CPU.ActiveCfg = Debug|Any CPU
		{F2341A0C-56E9-441B-80E3-2FC766325ED9}.Debug|Any CPU.Build.0 = Debug|Any CPU
		{F2341A0C-56E9-441B-80E3-2FC766325ED9}.Release|Any CPU.ActiveCfg = Release|Any CPU
		{F2341A0C-56E9-441B-80E3-2FC766325ED9}.Release|Any CPU.Build.0 = Release|Any CPU
		{72999ADB-77A0-4CBE-B223-25C066948533}.Debug|Any CPU.ActiveCfg = Debug|Any CPU
		{72999ADB-77A0-4CBE-B223-25C066948533}.Debug|Any CPU.Build.0 = Debug|Any CPU
		{72999ADB-77A0-4CBE-B223-25C066948533}.Release|Any CPU.ActiveCfg = Release|Any CPU
		{72999ADB-77A0-4CBE-B223-25C066948533}.Release|Any CPU.Build.0 = Release|Any CPU
		{B35E7B0B-2EA5-4D9D-9A54-91F1FA67A15A}.Debug|Any CPU.ActiveCfg = Debug|Any CPU
		{B35E7B0B-2EA5-4D9D-9A54-91F1FA67A15A}.Debug|Any CPU.Build.0 = Debug|Any CPU
		{B35E7B0B-2EA5-4D9D-9A54-91F1FA67A15A}.Release|Any CPU.ActiveCfg = Release|Any CPU
		{B35E7B0B-2EA5-4D9D-9A54-91F1FA67A15A}.Release|Any CPU.Build.0 = Release|Any CPU
		{BFCC248C-9604-4E55-B412-F75C6ABE6702}.Debug|Any CPU.ActiveCfg = Debug|Any CPU
		{BFCC248C-9604-4E55-B412-F75C6ABE6702}.Debug|Any CPU.Build.0 = Debug|Any CPU
		{BFCC248C-9604-4E55-B412-F75C6ABE6702}.Release|Any CPU.ActiveCfg = Release|Any CPU
		{BFCC248C-9604-4E55-B412-F75C6ABE6702}.Release|Any CPU.Build.0 = Release|Any CPU
		{D9364F93-CCE8-4E96-B32F-10F5FCF75595}.Debug|Any CPU.ActiveCfg = Debug|Any CPU
		{D9364F93-CCE8-4E96-B32F-10F5FCF75595}.Debug|Any CPU.Build.0 = Debug|Any CPU
		{D9364F93-CCE8-4E96-B32F-10F5FCF75595}.Release|Any CPU.ActiveCfg = Release|Any CPU
		{D9364F93-CCE8-4E96-B32F-10F5FCF75595}.Release|Any CPU.Build.0 = Release|Any CPU
		{2B6FF31B-A822-4A16-B0C6-4D0A1D828E64}.Debug|Any CPU.ActiveCfg = Debug|Any CPU
		{2B6FF31B-A822-4A16-B0C6-4D0A1D828E64}.Debug|Any CPU.Build.0 = Debug|Any CPU
		{2B6FF31B-A822-4A16-B0C6-4D0A1D828E64}.Release|Any CPU.ActiveCfg = Release|Any CPU
		{2B6FF31B-A822-4A16-B0C6-4D0A1D828E64}.Release|Any CPU.Build.0 = Release|Any CPU
		{11304C46-953D-46D3-94AF-54E73A17B43B}.Debug|Any CPU.ActiveCfg = Debug|Any CPU
		{11304C46-953D-46D3-94AF-54E73A17B43B}.Debug|Any CPU.Build.0 = Debug|Any CPU
		{11304C46-953D-46D3-94AF-54E73A17B43B}.Release|Any CPU.ActiveCfg = Release|Any CPU
		{11304C46-953D-46D3-94AF-54E73A17B43B}.Release|Any CPU.Build.0 = Release|Any CPU
		{68119049-CE39-4BE7-9E77-C0D961A47D67}.Debug|Any CPU.ActiveCfg = Debug|Any CPU
		{68119049-CE39-4BE7-9E77-C0D961A47D67}.Debug|Any CPU.Build.0 = Debug|Any CPU
		{68119049-CE39-4BE7-9E77-C0D961A47D67}.Release|Any CPU.ActiveCfg = Release|Any CPU
		{68119049-CE39-4BE7-9E77-C0D961A47D67}.Release|Any CPU.Build.0 = Release|Any CPU
		{404BF4F6-D57C-417B-8FEF-2E36344AD6CD}.Debug|Any CPU.ActiveCfg = Debug|Any CPU
		{404BF4F6-D57C-417B-8FEF-2E36344AD6CD}.Debug|Any CPU.Build.0 = Debug|Any CPU
		{404BF4F6-D57C-417B-8FEF-2E36344AD6CD}.Release|Any CPU.ActiveCfg = Release|Any CPU
		{404BF4F6-D57C-417B-8FEF-2E36344AD6CD}.Release|Any CPU.Build.0 = Release|Any CPU
	EndGlobalSection
	GlobalSection(SolutionProperties) = preSolution
		HideSolutionNode = FALSE
	EndGlobalSection
	GlobalSection(NestedProjects) = preSolution
		{F2341A0C-56E9-441B-80E3-2FC766325ED9} = {1A537514-6D88-444F-88E3-ED44BB9C2F08}
		{72999ADB-77A0-4CBE-B223-25C066948533} = {1A537514-6D88-444F-88E3-ED44BB9C2F08}
		{B35E7B0B-2EA5-4D9D-9A54-91F1FA67A15A} = {1A537514-6D88-444F-88E3-ED44BB9C2F08}
		{BFCC248C-9604-4E55-B412-F75C6ABE6702} = {1A537514-6D88-444F-88E3-ED44BB9C2F08}
		{D9364F93-CCE8-4E96-B32F-10F5FCF75595} = {203FFC69-EDE5-467E-9953-E10984D5BA12}
		{2B6FF31B-A822-4A16-B0C6-4D0A1D828E64} = {203FFC69-EDE5-467E-9953-E10984D5BA12}
		{11304C46-953D-46D3-94AF-54E73A17B43B} = {203FFC69-EDE5-467E-9953-E10984D5BA12}
		{68119049-CE39-4BE7-9E77-C0D961A47D67} = {221617A1-1EB5-418A-BBFF-2996028A9A75}
		{404BF4F6-D57C-417B-8FEF-2E36344AD6CD} = {1A537514-6D88-444F-88E3-ED44BB9C2F08}
	EndGlobalSection
	GlobalSection(ExtensibilityGlobals) = postSolution
		SolutionGuid = {90FDF691-BAB3-4955-9A7C-4C323F4344C3}
	EndGlobalSection
EndGlobal
